Microsoft Visual Studio Solution File, Format Version 12.00
# Visual Studio 2012
Project("{FAE04EC0-301F-11D3-BF4B-00C04F79EFBC}") = "OpenGL_ES_Shaders", "OpenGL_ES_Shaders.csproj", "{2078E407-2273-4191-8E25-5D97BD954CDC}"
EndProject
Global
	GlobalSection(SolutionConfigurationPlatforms) = preSolution
	Debug|Any CPU = Debug|Any CPU
	ExportDebug|Any CPU = ExportDebug|Any CPU
	ExportRelease|Any CPU = ExportRelease|Any CPU
	EndGlobalSection
	GlobalSection(ProjectConfigurationPlatforms) = postSolution
		{2078E407-2273-4191-8E25-5D97BD954CDC}.Debug|Any CPU.ActiveCfg = Debug|Any CPU
		{2078E407-2273-4191-8E25-5D97BD954CDC}.Debug|Any CPU.Build.0 = Debug|Any CPU
		{2078E407-2273-4191-8E25-5D97BD954CDC}.ExportDebug|Any CPU.ActiveCfg = ExportDebug|Any CPU
		{2078E407-2273-4191-8E25-5D97BD954CDC}.ExportDebug|Any CPU.Build.0 = ExportDebug|Any CPU
		{2078E407-2273-4191-8E25-5D97BD954CDC}.ExportRelease|Any CPU.ActiveCfg = ExportRelease|Any CPU
		{2078E407-2273-4191-8E25-5D97BD954CDC}.ExportRelease|Any CPU.Build.0 = ExportRelease|Any CPU
	EndGlobalSection
EndGlobal
